
Microsoft Visual Studio Solution File, Format Version 12.00
# Visual Studio 15
VisualStudioVersion = 15.0.28307.421
MinimumVisualStudioVersion = 10.0.40219.1
Project("{FAE04EC0-301F-11D3-BF4B-00C04F79EFBC}") = "WebHookDemoProject", "WebHookDemoProject\WebHookDemoProject.csproj", "{363244F1-60BB-4CEF-B4DB-B07F3970CC48}"
EndProject
Global
	GlobalSection(SolutionConfigurationPlatforms) = preSolution
		Debug|Any CPU = Debug|Any CPU
		Release|Any CPU = Release|Any CPU
	EndGlobalSection
	GlobalSection(ProjectConfigurationPlatforms) = postSolution
		{363244F1-60BB-4CEF-B4DB-B07F3970CC48}.Debug|Any CPU.ActiveCfg = Debug|Any CPU
		{363244F1-60BB-4CEF-B4DB-B07F3970CC48}.Debug|Any CPU.Build.0 = Debug|Any CPU
		{363244F1-60BB-4CEF-B4DB-B07F3970CC48}.Release|Any CPU.ActiveCfg = Release|Any CPU
		{363244F1-60BB-4CEF-B4DB-B07F3970CC48}.Release|Any CPU.Build.0 = Release|Any CPU
	EndGlobalSection
	GlobalSection(SolutionProperties) = preSolution
		HideSolutionNode = FALSE
	EndGlobalSection
	GlobalSection(ExtensibilityGlobals) = postSolution
		SolutionGuid = {3C8BF533-C6FA-4A38-BFDD-A514DDC9C8CB}
	EndGlobalSection
EndGlobal
